
Microsoft Visual Studio Solution File, Format Version 12.00
# Visual Studio 15
VisualStudioVersion = 15.0.27428.2037
MinimumVisualStudioVersion = 10.0.40219.1
Project("{FAE04EC0-301F-11D3-BF4B-00C04F79EFBC}") = "singalR3", "singalR3\singalR3.csproj", "{6072FB24-57B6-4148-85DF-693845C7C21E}"
EndProject
Global
	GlobalSection(SolutionConfigurationPlatforms) = preSolution
		Debug|Any CPU = Debug|Any CPU
		Release|Any CPU = Release|Any CPU
	EndGlobalSection
	GlobalSection(ProjectConfigurationPlatforms) = postSolution
		{6072FB24-57B6-4148-85DF-693845C7C21E}.Debug|Any CPU.ActiveCfg = Debug|Any CPU
		{6072FB24-57B6-4148-85DF-693845C7C21E}.Debug|Any CPU.Build.0 = Debug|Any CPU
		{6072FB24-57B6-4148-85DF-693845C7C21E}.Release|Any CPU.ActiveCfg = Release|Any CPU
		{6072FB24-57B6-4148-85DF-693845C7C21E}.Release|Any CPU.Build.0 = Release|Any CPU
	EndGlobalSection
	GlobalSection(SolutionProperties) = preSolution
		HideSolutionNode = FALSE
	EndGlobalSection
	GlobalSection(ExtensibilityGlobals) = postSolution
		SolutionGuid = {8EE04E15-E956-408A-9C1F-5F1EB9EE1254}
	EndGlobalSection
EndGlobal
